
Microsoft Visual Studio Solution File, Format Version 12.00
# Visual Studio Version 17
VisualStudioVersion = 17.9.34728.123
MinimumVisualStudioVersion = 10.0.40219.1
Project("{FAE04EC0-301F-11D3-BF4B-00C04F79EFBC}") = "capaNegocio", "capaNegocio\capaNegocio.csproj", "{223F3BCB-F804-4863-85A0-34941F38A2EF}"
EndProject
Global
	GlobalSection(SolutionConfigurationPlatforms) = preSolution
		Debug|Any CPU = Debug|Any CPU
		Release|Any CPU = Release|Any CPU
	EndGlobalSection
	GlobalSection(ProjectConfigurationPlatforms) = postSolution
		{223F3BCB-F804-4863-85A0-34941F38A2EF}.Debug|Any CPU.ActiveCfg = Debug|Any CPU
		{223F3BCB-F804-4863-85A0-34941F38A2EF}.Debug|Any CPU.Build.0 = Debug|Any CPU
		{223F3BCB-F804-4863-85A0-34941F38A2EF}.Release|Any CPU.ActiveCfg = Release|Any CPU
		{223F3BCB-F804-4863-85A0-34941F38A2EF}.Release|Any CPU.Build.0 = Release|Any CPU
	EndGlobalSection
	GlobalSection(SolutionProperties) = preSolution
		HideSolutionNode = FALSE
	EndGlobalSection
	GlobalSection(ExtensibilityGlobals) = postSolution
		SolutionGuid = {A0D4EF14-F863-4DB6-B04B-A4F6011B9D1D}
	EndGlobalSection
EndGlobal
